PODS:
  - Alamofire (5.2.1)
  - AlamofireImage (4.1.0):
    - Alamofire (~> 5.1)

DEPENDENCIES:
  - AlamofireImage (~> 4.1)

SPEC REPOS:
  trunk:
    - Alamofire
    - AlamofireImage

SPEC CHECKSUMS:
  Alamofire: e911732990610fe89af59ac0077f923d72dc3dfd
  AlamofireImage: c4a2ba349885fb3064feb74d2e547bd42ce9be10

PODFILE CHECKSUM: f80034b54e086058b57f816879cda934db0e2dd7

COCOAPODS: 1.9.1
